// !$*UTF8*$!
{
	archiveVersion = 1;
	classes = {
	};
	objectVersion = 48;
	objects = {

/* Begin PBXBuildFile section */
		5AE966BC20592434007A92DB /* LaunchScreen.storyboard in Resources */ = {isa = PBXBuildFile; fileRef = 5AE966AA20592431007A92DB /* LaunchScreen.storyboard */; };
		5AE966BD20592434007A92DB /* Info.plist in Resources */ = {isa = PBXBuildFile; fileRef = 5AE966AB20592431007A92DB /* Info.plist */; };
		5AE966BE20592434007A92DB /* ViewController.swift in Sources */ = {isa = PBXBuildFile; fileRef = 5AE966AC20592431007A92DB /* ViewController.swift */; };
		5AE966BF20592434007A92DB /* GlobalFunctions.swift in Sources */ = {isa = PBXBuildFile; fileRef = 5AE966AD20592431007A92DB /* GlobalFunctions.swift */; };
		5AE966C020592434007A92DB /* Assets.xcassets in Resources */ = {isa = PBXBuildFile; fileRef = 5AE966AE20592432007A92DB /* Assets.xcassets */; };
		5AE966C120592434007A92DB /* AppDelegate.swift in Sources */ = {isa = PBXBuildFile; fileRef = 5AE966AF20592432007A92DB /* AppDelegate.swift */; };
		5AE966C220592434007A92DB /* GolfCollectionViewCell.swift in Sources */ = {isa = PBXBuildFile; fileRef = 5AE966B020592432007A92DB /* GolfCollectionViewCell.swift */; };
		5AE966C320592434007A92DB /* BasketballCollectionViewCell.swift in Sources */ = {isa = PBXBuildFile; fileRef = 5AE966B120592432007A92DB /* BasketballCollectionViewCell.swift */; };
		5AE966C420592434007A92DB /* GamesMenuViewController.swift in Sources */ = {isa = PBXBuildFile; fileRef = 5AE966B220592432007A92DB /* GamesMenuViewController.swift */; };
		5AE966C520592434007A92DB /* HomeViewController.swift in Sources */ = {isa = PBXBuildFile; fileRef = 5AE966B320592432007A92DB /* HomeViewController.swift */; };
		5AE966C620592434007A92DB /* Media.scnassets in Resources */ = {isa = PBXBuildFile; fileRef = 5AE966B420592432007A92DB /* Media.scnassets */; };
		5AE966C820592434007A92DB /* Sounds in Resources */ = {isa = PBXBuildFile; fileRef = 5AE966B620592433007A92DB /* Sounds */; };
		5AE966C920592434007A92DB /* Fonts in Resources */ = {isa = PBXBuildFile; fileRef = 5AE966B720592433007A92DB /* Fonts */; };
		5AE966CA20592434007A92DB /* Textures in Resources */ = {isa = PBXBuildFile; fileRef = 5AE966B820592433007A92DB /* Textures */; };
		5AE966CB20592434007A92DB /* NerfCollectionViewCell.swift in Sources */ = {isa = PBXBuildFile; fileRef = 5AE966B920592434007A92DB /* NerfCollectionViewCell.swift */; };
		5AE966CC20592434007A92DB /* BasketController.swift in Sources */ = {isa = PBXBuildFile; fileRef = 5AE966BA20592434007A92DB /* BasketController.swift */; };
		5AE966CD20592434007A92DB /* BalloonViewController.swift in Sources */ = {isa = PBXBuildFile; fileRef = 5AE966BB20592434007A92DB /* BalloonViewController.swift */; };
		5AE966CF205924A5007A92DB /* Main.storyboard in Resources */ = {isa = PBXBuildFile; fileRef = 5AE966CE205924A4007A92DB /* Main.storyboard */; };
/* End PBXBuildFile section */

/* Begin PBXFileReference section */
		5AE966942059212D007A92DB /* easyleARnSTABLE.app */ = {isa = PBXFileReference; explicitFileType = wrapper.application; includeInIndex = 0; path = easyleARnSTABLE.app; sourceTree = BUILT_PRODUCTS_DIR; };
		5AE966A920592430007A92DB /* easyleARnSTABLE-Bridging-Header.h */ = {isa = PBXFileReference; lastKnownFileType = sourcecode.c.h; path = "easyleARnSTABLE-Bridging-Header.h"; sourceTree = "<group>"; };
		5AE966AA20592431007A92DB /* LaunchScreen.storyboard */ = {isa = PBXFileReference; fileEncoding = 4; lastKnownFileType = file.storyboard; path = LaunchScreen.storyboard; sourceTree = "<group>"; };
		5AE966AB20592431007A92DB /* Info.plist */ = {isa = PBXFileReference; fileEncoding = 4; lastKnownFileType = text.plist.xml; path = Info.plist; sourceTree = "<group>"; };
		5AE966AC20592431007A92DB /* ViewController.swift */ = {isa = PBXFileReference; fileEncoding = 4; lastKnownFileType = sourcecode.swift; path = ViewController.swift; sourceTree = "<group>"; };
		5AE966AD20592431007A92DB /* GlobalFunctions.swift */ = {isa = PBXFileReference; fileEncoding = 4; lastKnownFileType = sourcecode.swift; path = GlobalFunctions.swift; sourceTree = "<group>"; };
		5AE966AE20592432007A92DB /* Assets.xcassets */ = {isa = PBXFileReference; lastKnownFileType = folder.assetcatalog; path = Assets.xcassets; sourceTree = "<group>"; };
		5AE966AF20592432007A92DB /* AppDelegate.swift */ = {isa = PBXFileReference; fileEncoding = 4; lastKnownFileType = sourcecode.swift; path = AppDelegate.swift; sourceTree = "<group>"; };
		5AE966B020592432007A92DB /* GolfCollectionViewCell.swift */ = {isa = PBXFileReference; fileEncoding = 4; lastKnownFileType = sourcecode.swift; path = GolfCollectionViewCell.swift; sourceTree = "<group>"; };
		5AE966B120592432007A92DB /* BasketballCollectionViewCell.swift */ = {isa = PBXFileReference; fileEncoding = 4; lastKnownFileType = sourcecode.swift; path = BasketballCollectionViewCell.swift; sourceTree = "<group>"; };
		5AE966B220592432007A92DB /* GamesMenuViewController.swift */ = {isa = PBXFileReference; fileEncoding = 4; lastKnownFileType = sourcecode.swift; path = GamesMenuViewController.swift; sourceTree = "<group>"; };
		5AE966B320592432007A92DB /* HomeViewController.swift */ = {isa = PBXFileReference; fileEncoding = 4; lastKnownFileType = sourcecode.swift; path = HomeViewController.swift; sourceTree = "<group>"; };
		5AE966B420592432007A92DB /* Media.scnassets */ = {isa = PBXFileReference; lastKnownFileType = wrapper.scnassets; path = Media.scnassets; sourceTree = "<group>"; };
		5AE966B620592433007A92DB /* Sounds */ = {isa = PBXFileReference; lastKnownFileType = folder; path = Sounds; sourceTree = "<group>"; };
		5AE966B720592433007A92DB /* Fonts */ = {isa = PBXFileReference; lastKnownFileType = folder; path = Fonts; sourceTree = "<group>"; };
		5AE966B820592433007A92DB /* Textures */ = {isa = PBXFileReference; lastKnownFileType = folder; path = Textures; sourceTree = "<group>"; };
		5AE966B920592434007A92DB /* NerfCollectionViewCell.swift */ = {isa = PBXFileReference; fileEncoding = 4; lastKnownFileType = sourcecode.swift; path = NerfCollectionViewCell.swift; sourceTree = "<group>"; };
		5AE966BA20592434007A92DB /* BasketController.swift */ = {isa = PBXFileReference; fileEncoding = 4; lastKnownFileType = sourcecode.swift; path = BasketController.swift; sourceTree = "<group>"; };
		5AE966BB20592434007A92DB /* BalloonViewController.swift */ = {isa = PBXFileReference; fileEncoding = 4; lastKnownFileType = sourcecode.swift; path = BalloonViewController.swift; sourceTree = "<group>"; };
		5AE966CE205924A4007A92DB /* Main.storyboard */ = {isa = PBXFileReference; fileEncoding = 4; lastKnownFileType = file.storyboard; path = Main.storyboard; sourceTree = "<group>"; };
/* End PBXFileReference section */

/* Begin PBXFrameworksBuildPhase section */
		5AE966912059212D007A92DB /* Frameworks */ = {
			isa = PBXFrameworksBuildPhase;
			buildActionMask = 2147483647;
			files = (
			);
			runOnlyForDeploymentPostprocessing = 0;
		};
/* End PBXFrameworksBuildPhase section */

/* Begin PBXGroup section */
		5AE9668B2059212D007A92DB = {
			isa = PBXGroup;
			children = (
				5AE966962059212D007A92DB /* easyleARnSTABLE */,
				5AE966952059212D007A92DB /* Products */,
			);
			sourceTree = "<group>";
		};
		5AE966952059212D007A92DB /* Products */ = {
			isa = PBXGroup;
			children = (
				5AE966942059212D007A92DB /* easyleARnSTABLE.app */,
			);
			name = Products;
			sourceTree = "<group>";
		};
		5AE966962059212D007A92DB /* easyleARnSTABLE */ = {
			isa = PBXGroup;
			children = (
				5AE966AF20592432007A92DB /* AppDelegate.swift */,
				5AE966AE20592432007A92DB /* Assets.xcassets */,
				5AE966BA20592434007A92DB /* BasketController.swift */,
				5AE966BB20592434007A92DB /* BalloonViewController.swift */,
				5AE966AC20592431007A92DB /* ViewController.swift */,
				5AE966B320592432007A92DB /* HomeViewController.swift */,
				5AE966B220592432007A92DB /* GamesMenuViewController.swift */,
				5AE966CE205924A4007A92DB /* Main.storyboard */,
				5AE966B120592432007A92DB /* BasketballCollectionViewCell.swift */,
				5AE966B020592432007A92DB /* GolfCollectionViewCell.swift */,
				5AE966B920592434007A92DB /* NerfCollectionViewCell.swift */,
				5AE966AB20592431007A92DB /* Info.plist */,
				5AE966AA20592431007A92DB /* LaunchScreen.storyboard */,
				5AE966AD20592431007A92DB /* GlobalFunctions.swift */,
				5AE966B420592432007A92DB /* Media.scnassets */,
				5AE966B720592433007A92DB /* Fonts */,
				5AE966B620592433007A92DB /* Sounds */,
				5AE966B820592433007A92DB /* Textures */,
				5AE966A920592430007A92DB /* easyleARnSTABLE-Bridging-Header.h */,
			);
			path = easyleARnSTABLE;
			sourceTree = "<group>";
		};
/* End PBXGroup section */

/* Begin PBXNativeTarget section */
		5AE966932059212D007A92DB /* easyleARnSTABLE */ = {
			isa = PBXNativeTarget;
			buildConfigurationList = 5AE966A62059212D007A92DB /* Build configuration list for PBXNativeTarget "easyleARnSTABLE" */;
			buildPhases = (
				5AE966902059212D007A92DB /* Sources */,
				5AE966912059212D007A92DB /* Frameworks */,
				5AE966922059212D007A92DB /* Resources */,
			);
			buildRules = (
			);
			dependencies = (
			);
			name = easyleARnSTABLE;
			productName = easyleARnSTABLE;
			productReference = 5AE966942059212D007A92DB /* easyleARnSTABLE.app */;
			productType = "com.apple.product-type.application";
		};
/* End PBXNativeTarget section */

/* Begin PBXProject section */
		5AE9668C2059212D007A92DB /* Project object */ = {
			isa = PBXProject;
			attributes = {
				LastSwiftUpdateCheck = 0920;
				LastUpgradeCheck = 0920;
				ORGANIZATIONNAME = "Califano Francesco";
				TargetAttributes = {
					5AE966932059212D007A92DB = {
						CreatedOnToolsVersion = 9.2;
						LastSwiftMigration = 0920;
						ProvisioningStyle = Automatic;
					};
				};
			};
			buildConfigurationList = 5AE9668F2059212D007A92DB /* Build configuration list for PBXProject "easyleARnSTABLE" */;
			compatibilityVersion = "Xcode 8.0";
			developmentRegion = en;
			hasScannedForEncodings = 0;
			knownRegions = (
				en,
				Base,
			);
			mainGroup = 5AE9668B2059212D007A92DB;
			productRefGroup = 5AE966952059212D007A92DB /* Products */;
			projectDirPath = "";
			projectRoot = "";
			targets = (
				5AE966932059212D007A92DB /* easyleARnSTABLE */,
			);
		};
/* End PBXProject section */

/* Begin PBXResourcesBuildPhase section */
		5AE966922059212D007A92DB /* Resources */ = {
			isa = PBXResourcesBuildPhase;
			buildActionMask = 2147483647;
			files = (
				5AE966C820592434007A92DB /* Sounds in Resources */,
				5AE966C620592434007A92DB /* Media.scnassets in Resources */,
				5AE966BD20592434007A92DB /* Info.plist in Resources */,
				5AE966CA20592434007A92DB /* Textures in Resources */,
				5AE966C020592434007A92DB /* Assets.xcassets in Resources */,
				5AE966CF205924A5007A92DB /* Main.storyboard in Resources */,
				5AE966C920592434007A92DB /* Fonts in Resources */,
				5AE966BC20592434007A92DB /* LaunchScreen.storyboard in Resources */,
			);
			runOnlyForDeploymentPostprocessing = 0;
		};
/* End PBXResourcesBuildPhase section */

/* Begin PBXSourcesBuildPhase section */
		5AE966902059212D007A92DB /* Sources */ = {
			isa = PBXSourcesBuildPhase;
			buildActionMask = 2147483647;
			files = (
				5AE966CD20592434007A92DB /* BalloonViewController.swift in Sources */,
				5AE966CC20592434007A92DB /* BasketController.swift in Sources */,
				5AE966C320592434007A92DB /* BasketballCollectionViewCell.swift in Sources */,
				5AE966CB20592434007A92DB /* NerfCollectionViewCell.swift in Sources */,
				5AE966C420592434007A92DB /* GamesMenuViewController.swift in Sources */,
				5AE966C120592434007A92DB /* AppDelegate.swift in Sources */,
				5AE966BF20592434007A92DB /* GlobalFunctions.swift in Sources */,
				5AE966C220592434007A92DB /* GolfCollectionViewCell.swift in Sources */,
				5AE966C520592434007A92DB /* HomeViewController.swift in Sources */,
				5AE966BE20592434007A92DB /* ViewController.swift in Sources */,
			);
			runOnlyForDeploymentPostprocessing = 0;
		};
/* End PBXSourcesBuildPhase section */

/* Begin XCBuildConfiguration section */
		5AE966A42059212D007A92DB /* Debug */ = {
			isa = XCBuildConfiguration;
			buildSettings = {
				ALWAYS_SEARCH_USER_PATHS = NO;
				CLANG_ANALYZER_NONNULL = YES;
				CLANG_ANALYZER_NUMBER_OBJECT_CONVERSION = YES_AGGRESSIVE;
				CLANG_CXX_LANGUAGE_STANDARD = "gnu++14";
				CLANG_CXX_LIBRARY = "libc++";
				CLANG_ENABLE_MODULES = YES;
				CLANG_ENABLE_OBJC_ARC = YES;
				CLANG_WARN_BLOCK_CAPTURE_AUTORELEASING = YES;
				CLANG_WARN_BOOL_CONVERSION = YES;
				CLANG_WARN_COMMA = YES;
				CLANG_WARN_CONSTANT_CONVERSION = YES;
				CLANG_WARN_DIRECT_OBJC_ISA_USAGE = YES_ERROR;
				CLANG_WARN_DOCUMENTATION_COMMENTS = YES;
				CLANG_WARN_EMPTY_BODY = YES;
				CLANG_WARN_ENUM_CONVERSION = YES;
				CLANG_WARN_INFINITE_RECURSION = YES;
				CLANG_WARN_INT_CONVERSION = YES;
				CLANG_WARN_NON_LITERAL_NULL_CONVERSION = YES;
				CLANG_WARN_OBJC_LITERAL_CONVERSION = YES;
				CLANG_WARN_OBJC_ROOT_CLASS = YES_ERROR;
				CLANG_WARN_RANGE_LOOP_ANALYSIS = YES;
				CLANG_WARN_STRICT_PROTOTYPES = YES;
				CLANG_WARN_SUSPICIOUS_MOVE = YES;
				CLANG_WARN_UNGUARDED_AVAILABILITY = YES_AGGRESSIVE;
				CLANG_WARN_UNREACHABLE_CODE = YES;
				CLANG_WARN__DUPLICATE_METHOD_MATCH = YES;
				CODE_SIGN_IDENTITY = "iPhone Developer";
				COPY_PHASE_STRIP = NO;
				DEBUG_INFORMATION_FORMAT = dwarf;
				ENABLE_STRICT_OBJC_MSGSEND = YES;
				ENABLE_TESTABILITY = YES;
				GCC_C_LANGUAGE_STANDARD = gnu11;
				GCC_DYNAMIC_NO_PIC = NO;
				GCC_NO_COMMON_BLOCKS = YES;
				GCC_OPTIMIZATION_LEVEL = 0;
				GCC_PREPROCESSOR_DEFINITIONS = (
					"DEBUG=1",
					"$(inherited)",
				);
				GCC_WARN_64_TO_32_BIT_CONVERSION = YES;
				GCC_WARN_ABOUT_RETURN_TYPE = YES_ERROR;
				GCC_WARN_UNDECLARED_SELECTOR = YES;
				GCC_WARN_UNINITIALIZED_AUTOS = YES_AGGRESSIVE;
				GCC_WARN_UNUSED_FUNCTION = YES;
				GCC_WARN_UNUSED_VARIABLE = YES;
				IPHONEOS_DEPLOYMENT_TARGET = 11.2;
				MTL_ENABLE_DEBUG_INFO = YES;
				ONLY_ACTIVE_ARCH = YES;
				SDKROOT = iphoneos;
				SWIFT_ACTIVE_COMPILATION_CONDITIONS = DEBUG;
				SWIFT_OPTIMIZATION_LEVEL = "-Onone";
			};
			name = Debug;
		};
		5AE966A52059212D007A92DB /* Release */ = {
			isa = XCBuildConfiguration;
			buildSettings = {
				ALWAYS_SEARCH_USER_PATHS = NO;
				CLANG_ANALYZER_NONNULL = YES;
				CLANG_ANALYZER_NUMBER_OBJECT_CONVERSION = YES_AGGRESSIVE;
				CLANG_CXX_LANGUAGE_STANDARD = "gnu++14";
				CLANG_CXX_LIBRARY = "libc++";
				CLANG_ENABLE_MODULES = YES;
				CLANG_ENABLE_OBJC_ARC = YES;
				CLANG_WARN_BLOCK_CAPTURE_AUTORELEASING = YES;
				CLANG_WARN_BOOL_CONVERSION = YES;
				CLANG_WARN_COMMA = YES;
				CLANG_WARN_CONSTANT_CONVERSION = YES;
				CLANG_WARN_DIRECT_OBJC_ISA_USAGE = YES_ERROR;
				CLANG_WARN_DOCUMENTATION_COMMENTS = YES;
				CLANG_WARN_EMPTY_BODY = YES;
				CLANG_WARN_ENUM_CONVERSION = YES;
				CLANG_WARN_INFINITE_RECURSION = YES;
				CLANG_WARN_INT_CONVERSION = YES;
				CLANG_WARN_NON_LITERAL_NULL_CONVERSION = YES;
				CLANG_WARN_OBJC_LITERAL_CONVERSION = YES;
				CLANG_WARN_OBJC_ROOT_CLASS = YES_ERROR;
				CLANG_WARN_RANGE_LOOP_ANALYSIS = YES;
				CLANG_WARN_STRICT_PROTOTYPES = YES;
				CLANG_WARN_SUSPICIOUS_MOVE = YES;
				CLANG_WARN_UNGUARDED_AVAILABILITY = YES_AGGRESSIVE;
				CLANG_WARN_UNREACHABLE_CODE = YES;
				CLANG_WARN__DUPLICATE_METHOD_MATCH = YES;
				CODE_SIGN_IDENTITY = "iPhone Developer";
				COPY_PHASE_STRIP = NO;
				DEBUG_INFORMATION_FORMAT = "dwarf-with-dsym";
				ENABLE_NS_ASSERTIONS = NO;
				ENABLE_STRICT_OBJC_MSGSEND = YES;
				GCC_C_LANGUAGE_STANDARD = gnu11;
				GCC_NO_COMMON_BLOCKS = YES;
				GCC_WARN_64_TO_32_BIT_CONVERSION = YES;
				GCC_WARN_ABOUT_RETURN_TYPE = YES_ERROR;
				GCC_WARN_UNDECLARED_SELECTOR = YES;
				GCC_WARN_UNINITIALIZED_AUTOS = YES_AGGRESSIVE;
				GCC_WARN_UNUSED_FUNCTION = YES;
				GCC_WARN_UNUSED_VARIABLE = YES;
				IPHONEOS_DEPLOYMENT_TARGET = 11.2;
				MTL_ENABLE_DEBUG_INFO = NO;
				SDKROOT = iphoneos;
				SWIFT_OPTIMIZATION_LEVEL = "-Owholemodule";
				VALIDATE_PRODUCT = YES;
			};
			name = Release;
		};
		5AE966A72059212D007A92DB /* Debug */ = {
			isa = XCBuildConfiguration;
			buildSettings = {
				ASSETCATALOG_COMPILER_APPICON_NAME = AppIcon;
				CLANG_ENABLE_MODULES = YES;
				CODE_SIGN_STYLE = Automatic;
				DEVELOPMENT_TEAM = B345J2F465;
				INFOPLIST_FILE = easyleARnSTABLE/Info.plist;
				LD_RUNPATH_SEARCH_PATHS = "$(inherited) @executable_path/Frameworks";
				PRODUCT_BUNDLE_IDENTIFIER = com.table0.francali.easyleARnSTABLE;
				PRODUCT_NAME = "$(TARGET_NAME)";
				SWIFT_OBJC_BRIDGING_HEADER = "easyleARnSTABLE/easyleARnSTABLE-Bridging-Header.h";
				SWIFT_OPTIMIZATION_LEVEL = "-Onone";
				SWIFT_VERSION = 4.0;
				TARGETED_DEVICE_FAMILY = "1,2";
			};
			name = Debug;
		};
		5AE966A82059212D007A92DB /* Release */ = {
			isa = XCBuildConfiguration;
			buildSettings = {
				ASSETCATALOG_COMPILER_APPICON_NAME = AppIcon;
				CLANG_ENABLE_MODULES = YES;
				CODE_SIGN_STYLE = Automatic;
				DEVELOPMENT_TEAM = B345J2F465;
				INFOPLIST_FILE = easyleARnSTABLE/Info.plist;
				LD_RUNPATH_SEARCH_PATHS = "$(inherited) @executable_path/Frameworks";
				PRODUCT_BUNDLE_IDENTIFIER = com.table0.francali.easyleARnSTABLE;
				PRODUCT_NAME = "$(TARGET_NAME)";
				SWIFT_OBJC_BRIDGING_HEADER = "easyleARnSTABLE/easyleARnSTABLE-Bridging-Header.h";
				SWIFT_VERSION = 4.0;
				TARGETED_DEVICE_FAMILY = "1,2";
			};
			name = Release;
		};
/* End XCBuildConfiguration section */

/* Begin XCConfigurationList section */
		5AE9668F2059212D007A92DB /* Build configuration list for PBXProject "easyleARnSTABLE" */ = {
			isa = XCConfigurationList;
			buildConfigurations = (
				5AE966A42059212D007A92DB /* Debug */,
				5AE966A52059212D007A92DB /* Release */,
			);
			defaultConfigurationIsVisible = 0;
			defaultConfigurationName = Release;
		};
		5AE966A62059212D007A92DB /* Build configuration list for PBXNativeTarget "easyleARnSTABLE" */ = {
			isa = XCConfigurationList;
			buildConfigurations = (
				5AE966A72059212D007A92DB /* Debug */,
				5AE966A82059212D007A92DB /* Release */,
			);
			defaultConfigurationIsVisible = 0;
			defaultConfigurationName = Release;
		};
/* End XCConfigurationList section */
	};
	rootObject = 5AE9668C2059212D007A92DB /* Project object */;
}
